{
    "name": "contract",
    "lockfileVersion": 2,
    "requires": true,
    "packages": {
        "": {
            "dependencies": {
                "hotpocket-nodejs-contract": "0.5.3"
            }
        },
        "node_modules/hotpocket-nodejs-contract": {
            "version": "0.5.3",
            "resolved": "https://registry.npmjs.org/hotpocket-nodejs-contract/-/hotpocket-nodejs-contract-0.5.3.tgz",
            "integrity": "sha512-IMyH6noQB1w6dcPTLxdrArMpfeT9d9VJPEQ5bxubDi9Gqeu+s+0E2tKP7wDY85ie7cG/IzC9v0TCbTggp2u12w=="
        }
    },
    "dependencies": {
        "hotpocket-nodejs-contract": {
            "version": "0.5.3",
            "resolved": "https://registry.npmjs.org/hotpocket-nodejs-contract/-/hotpocket-nodejs-contract-0.5.3.tgz",
            "integrity": "sha512-IMyH6noQB1w6dcPTLxdrArMpfeT9d9VJPEQ5bxubDi9Gqeu+s+0E2tKP7wDY85ie7cG/IzC9v0TCbTggp2u12w=="
        }
    }
}
